
Microsoft Visual Studio Solution File, Format Version 12.00
# Visual Studio Version 16
VisualStudioVersion = 16.0.30309.148
MinimumVisualStudioVersion = 10.0.40219.1
Project("{FAE04EC0-301F-11D3-BF4B-00C04F79EFBC}") = "MG_Lab1_SE245", "MG_Lab1_SE245\MG_Lab1_SE245.csproj", "{56404431-9143-4EF9-A189-CA43A1B54EDC}"
EndProject
Global
	GlobalSection(SolutionConfigurationPlatforms) = preSolution
		Debug|Any CPU = Debug|Any CPU
		Release|Any CPU = Release|Any CPU
	EndGlobalSection
	GlobalSection(ProjectConfigurationPlatforms) = postSolution
		{56404431-9143-4EF9-A189-CA43A1B54EDC}.Debug|Any CPU.ActiveCfg = Debug|Any CPU
		{56404431-9143-4EF9-A189-CA43A1B54EDC}.Debug|Any CPU.Build.0 = Debug|Any CPU
		{56404431-9143-4EF9-A189-CA43A1B54EDC}.Release|Any CPU.ActiveCfg = Release|Any CPU
		{56404431-9143-4EF9-A189-CA43A1B54EDC}.Release|Any CPU.Build.0 = Release|Any CPU
	EndGlobalSection
	GlobalSection(SolutionProperties) = preSolution
		HideSolutionNode = FALSE
	EndGlobalSection
	GlobalSection(ExtensibilityGlobals) = postSolution
		SolutionGuid = {2CA7CA24-C6B5-46E1-8489-EBEE8FCAE914}
	EndGlobalSection
EndGlobal
